
Microsoft Visual Studio Solution File, Format Version 12.00
# Visual Studio 15
VisualStudioVersion = 15.0.28010.0
MinimumVisualStudioVersion = 10.0.40219.1
Project("{FAE04EC0-301F-11D3-BF4B-00C04F79EFBC}") = "B_R", "B_R\B_R.csproj", "{3976C9A8-7561-4CEB-8FF7-2D0C00813CF0}"
EndProject
Global
	GlobalSection(SolutionConfigurationPlatforms) = preSolution
		Debug|Any CPU = Debug|Any CPU
		Release|Any CPU = Release|Any CPU
	EndGlobalSection
	GlobalSection(ProjectConfigurationPlatforms) = postSolution
		{3976C9A8-7561-4CEB-8FF7-2D0C00813CF0}.Debug|Any CPU.ActiveCfg = Debug|Any CPU
		{3976C9A8-7561-4CEB-8FF7-2D0C00813CF0}.Debug|Any CPU.Build.0 = Debug|Any CPU
		{3976C9A8-7561-4CEB-8FF7-2D0C00813CF0}.Release|Any CPU.ActiveCfg = Release|Any CPU
		{3976C9A8-7561-4CEB-8FF7-2D0C00813CF0}.Release|Any CPU.Build.0 = Release|Any CPU
	EndGlobalSection
	GlobalSection(SolutionProperties) = preSolution
		HideSolutionNode = FALSE
	EndGlobalSection
	GlobalSection(ExtensibilityGlobals) = postSolution
		SolutionGuid = {582647FD-6347-45C8-A7BE-48500DB5ECF9}
	EndGlobalSection
EndGlobal
